
Microsoft Visual Studio Solution File, Format Version 12.00
Project("{FAE04EC0-301F-11D3-BF4B-00C04F79EFBC}") = "Basics", "Basics\Basics.csproj", "{A6DC3843-B928-4304-8C04-4862DDA9AA73}"
EndProject
Global
	GlobalSection(SolutionConfigurationPlatforms) = preSolution
		Debug|Any CPU = Debug|Any CPU
		Release|Any CPU = Release|Any CPU
	EndGlobalSection
	GlobalSection(ProjectConfigurationPlatforms) = postSolution
		{A6DC3843-B928-4304-8C04-4862DDA9AA73}.Debug|Any CPU.ActiveCfg = Debug|Any CPU
		{A6DC3843-B928-4304-8C04-4862DDA9AA73}.Debug|Any CPU.Build.0 = Debug|Any CPU
		{A6DC3843-B928-4304-8C04-4862DDA9AA73}.Release|Any CPU.ActiveCfg = Release|Any CPU
		{A6DC3843-B928-4304-8C04-4862DDA9AA73}.Release|Any CPU.Build.0 = Release|Any CPU
	EndGlobalSection
EndGlobal
